
Microsoft Visual Studio Solution File, Format Version 12.00
# Visual Studio Version 16
VisualStudioVersion = 16.0.29230.47
MinimumVisualStudioVersion = 10.0.40219.1
Project("{9A19103F-16F7-4668-BE54-9A1E7A4F7556}") = "aspnetfirst", "aspnetfirst\aspnetfirst.csproj", "{DDB29ECE-4385-4FF6-A190-1559BD813DE5}"
EndProject
Global
	GlobalSection(SolutionConfigurationPlatforms) = preSolution
		Debug|Any CPU = Debug|Any CPU
		Release|Any CPU = Release|Any CPU
	EndGlobalSection
	GlobalSection(ProjectConfigurationPlatforms) = postSolution
		{DDB29ECE-4385-4FF6-A190-1559BD813DE5}.Debug|Any CPU.ActiveCfg = Debug|Any CPU
		{DDB29ECE-4385-4FF6-A190-1559BD813DE5}.Debug|Any CPU.Build.0 = Debug|Any CPU
		{DDB29ECE-4385-4FF6-A190-1559BD813DE5}.Release|Any CPU.ActiveCfg = Release|Any CPU
		{DDB29ECE-4385-4FF6-A190-1559BD813DE5}.Release|Any CPU.Build.0 = Release|Any CPU
	EndGlobalSection
	GlobalSection(SolutionProperties) = preSolution
		HideSolutionNode = FALSE
	EndGlobalSection
	GlobalSection(ExtensibilityGlobals) = postSolution
		SolutionGuid = {CAD74607-44AD-46FE-837D-858B47D094DF}
	EndGlobalSection
EndGlobal
