
Microsoft Visual Studio Solution File, Format Version 12.00
# Visual Studio Version 16
VisualStudioVersion = 16.0.29230.47
MinimumVisualStudioVersion = 10.0.40219.1
Project("{2150E333-8FDC-42A3-9474-1A3956D46DE8}") = "tests", "tests", "{9D083A01-7D85-460D-B800-8DB8E599AAC6}"
EndProject
Project("{9A19103F-16F7-4668-BE54-9A1E7A4F7556}") = "aspnetfirst", "aspnetfirst\aspnetfirst.csproj", "{59F5CBFF-56A5-4088-A09F-9BCF89BA654C}"
EndProject
Global
	GlobalSection(SolutionConfigurationPlatforms) = preSolution
		Debug|Any CPU = Debug|Any CPU
		Release|Any CPU = Release|Any CPU
	EndGlobalSection
	GlobalSection(ProjectConfigurationPlatforms) = postSolution
		{59F5CBFF-56A5-4088-A09F-9BCF89BA654C}.Debug|Any CPU.ActiveCfg = Debug|Any CPU
		{59F5CBFF-56A5-4088-A09F-9BCF89BA654C}.Debug|Any CPU.Build.0 = Debug|Any CPU
		{59F5CBFF-56A5-4088-A09F-9BCF89BA654C}.Release|Any CPU.ActiveCfg = Release|Any CPU
		{59F5CBFF-56A5-4088-A09F-9BCF89BA654C}.Release|Any CPU.Build.0 = Release|Any CPU
	EndGlobalSection
	GlobalSection(SolutionProperties) = preSolution
		HideSolutionNode = FALSE
	EndGlobalSection
	GlobalSection(ExtensibilityGlobals) = postSolution
		SolutionGuid = {CAD74607-44AD-46FE-837D-858B47D094DF}
	EndGlobalSection
EndGlobal
